
Microsoft Visual Studio Solution File, Format Version 12.00
# Visual Studio 2013
VisualStudioVersion = 12.0.31101.0
MinimumVisualStudioVersion = 10.0.40219.1
Project("{FAE04EC0-301F-11D3-BF4B-00C04F79EFBC}") = "Test", "Test\Test.csproj", "{F66431A1-96EA-42F0-837A-ACBE12154568}"
EndProject
Project("{FAE04EC0-301F-11D3-BF4B-00C04F79EFBC}") = "AssLoader", "AssLoader\AssLoader.csproj", "{4E3F3026-100A-4349-A67D-E41F3EE1EFED}"
EndProject
Project("{FAE04EC0-301F-11D3-BF4B-00C04F79EFBC}") = "StoreDemo", "StoreDemo\StoreDemo.csproj", "{E86A4A98-29C0-4DCC-B545-7AE5CD9CCA81}"
EndProject
Project("{F184B08F-C81C-45F6-A57F-5ABD9991F28F}") = "ConsoleDemo", "ConsoleDemo\ConsoleDemo.vbproj", "{15826413-7BC5-42EB-88B6-5FA19E5D8B70}"
EndProject
Project("{FAE04EC0-301F-11D3-BF4B-00C04F79EFBC}") = "PerformanceAnalyzeHelper", "PerformanceAnalyzeHelper\PerformanceAnalyzeHelper.csproj", "{CE20151A-5E8A-43DA-B892-55BA029BED3D}"
EndProject
Project("{FAE04EC0-301F-11D3-BF4B-00C04F79EFBC}") = "UWPTest", "UWPTest\UWPTest.csproj", "{8ECF7493-CC0F-4153-B3C5-7978E9F3B318}"
EndProject
Project("{FAE04EC0-301F-11D3-BF4B-00C04F79EFBC}") = "AssLoaderExtention", "AssLoaderExtention\AssLoaderExtention.csproj", "{1F8F407D-078A-4C45-922E-70F2C6B1FE4D}"
EndProject
Global
	GlobalSection(TeamFoundationVersionControl) = preSolution
		SccNumberOfProjects = 8
		SccEnterpriseProvider = {4CA58AB2-18FA-4F8D-95D4-32DDF27D184C}
		SccTeamFoundationServer = https://tfs.codeplex.com/tfs/tfs40
		SccProjectUniqueName0 = ConsoleDemo\\ConsoleDemo.vbproj
		SccProjectName0 = ConsoleDemo
		SccLocalPath0 = ConsoleDemo
		SccLocalPath1 = .
		SccProjectUniqueName2 = AssLoader\\AssLoader.csproj
		SccProjectName2 = AssLoader
		SccLocalPath2 = AssLoader
		SccProjectUniqueName3 = AssLoaderExtention\\AssLoaderExtention.csproj
		SccProjectName3 = AssLoaderExtention
		SccLocalPath3 = AssLoaderExtention
		SccProjectUniqueName4 = PerformanceAnalyzeHelper\\PerformanceAnalyzeHelper.csproj
		SccProjectName4 = PerformanceAnalyzeHelper
		SccLocalPath4 = PerformanceAnalyzeHelper
		SccProjectUniqueName5 = StoreDemo\\StoreDemo.csproj
		SccProjectName5 = StoreDemo
		SccLocalPath5 = StoreDemo
		SccProjectUniqueName6 = Test\\Test.csproj
		SccProjectName6 = Test
		SccLocalPath6 = Test
		SccProjectUniqueName7 = UWPTest\\UWPTest.csproj
		SccProjectName7 = UWPTest
		SccLocalPath7 = UWPTest
	EndGlobalSection
	GlobalSection(SolutionConfigurationPlatforms) = preSolution
		Debug|Any CPU = Debug|Any CPU
		Debug|ARM = Debug|ARM
		Debug|x64 = Debug|x64
		Debug|x86 = Debug|x86
		Release|Any CPU = Release|Any CPU
		Release|ARM = Release|ARM
		Release|x64 = Release|x64
		Release|x86 = Release|x86
	EndGlobalSection
	GlobalSection(ProjectConfigurationPlatforms) = postSolution
		{F66431A1-96EA-42F0-837A-ACBE12154568}.Debug|Any CPU.ActiveCfg = Debug|Any CPU
		{F66431A1-96EA-42F0-837A-ACBE12154568}.Debug|Any CPU.Build.0 = Debug|Any CPU
		{F66431A1-96EA-42F0-837A-ACBE12154568}.Debug|ARM.ActiveCfg = Debug|Any CPU
		{F66431A1-96EA-42F0-837A-ACBE12154568}.Debug|x64.ActiveCfg = Debug|Any CPU
		{F66431A1-96EA-42F0-837A-ACBE12154568}.Debug|x86.ActiveCfg = Debug|Any CPU
		{F66431A1-96EA-42F0-837A-ACBE12154568}.Release|Any CPU.ActiveCfg = Release|Any CPU
		{F66431A1-96EA-42F0-837A-ACBE12154568}.Release|Any CPU.Build.0 = Release|Any CPU
		{F66431A1-96EA-42F0-837A-ACBE12154568}.Release|ARM.ActiveCfg = Release|Any CPU
		{F66431A1-96EA-42F0-837A-ACBE12154568}.Release|x64.ActiveCfg = Release|Any CPU
		{F66431A1-96EA-42F0-837A-ACBE12154568}.Release|x86.ActiveCfg = Release|Any CPU
		{4E3F3026-100A-4349-A67D-E41F3EE1EFED}.Debug|Any CPU.ActiveCfg = Debug|Any CPU
		{4E3F3026-100A-4349-A67D-E41F3EE1EFED}.Debug|Any CPU.Build.0 = Debug|Any CPU
		{4E3F3026-100A-4349-A67D-E41F3EE1EFED}.Debug|ARM.ActiveCfg = Debug|Any CPU
		{4E3F3026-100A-4349-A67D-E41F3EE1EFED}.Debug|x64.ActiveCfg = Debug|Any CPU
		{4E3F3026-100A-4349-A67D-E41F3EE1EFED}.Debug|x86.ActiveCfg = Debug|Any CPU
		{4E3F3026-100A-4349-A67D-E41F3EE1EFED}.Release|Any CPU.ActiveCfg = Release|Any CPU
		{4E3F3026-100A-4349-A67D-E41F3EE1EFED}.Release|Any CPU.Build.0 = Release|Any CPU
		{4E3F3026-100A-4349-A67D-E41F3EE1EFED}.Release|ARM.ActiveCfg = Release|Any CPU
		{4E3F3026-100A-4349-A67D-E41F3EE1EFED}.Release|x64.ActiveCfg = Release|Any CPU
		{4E3F3026-100A-4349-A67D-E41F3EE1EFED}.Release|x86.ActiveCfg = Release|Any CPU
		{E86A4A98-29C0-4DCC-B545-7AE5CD9CCA81}.Debug|Any CPU.ActiveCfg = Debug|Any CPU
		{E86A4A98-29C0-4DCC-B545-7AE5CD9CCA81}.Debug|Any CPU.Build.0 = Debug|Any CPU
		{E86A4A98-29C0-4DCC-B545-7AE5CD9CCA81}.Debug|Any CPU.Deploy.0 = Debug|Any CPU
		{E86A4A98-29C0-4DCC-B545-7AE5CD9CCA81}.Debug|ARM.ActiveCfg = Debug|ARM
		{E86A4A98-29C0-4DCC-B545-7AE5CD9CCA81}.Debug|ARM.Build.0 = Debug|ARM
		{E86A4A98-29C0-4DCC-B545-7AE5CD9CCA81}.Debug|ARM.Deploy.0 = Debug|ARM
		{E86A4A98-29C0-4DCC-B545-7AE5CD9CCA81}.Debug|x64.ActiveCfg = Debug|x64
		{E86A4A98-29C0-4DCC-B545-7AE5CD9CCA81}.Debug|x64.Build.0 = Debug|x64
		{E86A4A98-29C0-4DCC-B545-7AE5CD9CCA81}.Debug|x64.Deploy.0 = Debug|x64
		{E86A4A98-29C0-4DCC-B545-7AE5CD9CCA81}.Debug|x86.ActiveCfg = Debug|x86
		{E86A4A98-29C0-4DCC-B545-7AE5CD9CCA81}.Debug|x86.Build.0 = Debug|x86
		{E86A4A98-29C0-4DCC-B545-7AE5CD9CCA81}.Debug|x86.Deploy.0 = Debug|x86
		{E86A4A98-29C0-4DCC-B545-7AE5CD9CCA81}.Release|Any CPU.ActiveCfg = Release|Any CPU
		{E86A4A98-29C0-4DCC-B545-7AE5CD9CCA81}.Release|Any CPU.Build.0 = Release|Any CPU
		{E86A4A98-29C0-4DCC-B545-7AE5CD9CCA81}.Release|Any CPU.Deploy.0 = Release|Any CPU
		{E86A4A98-29C0-4DCC-B545-7AE5CD9CCA81}.Release|ARM.ActiveCfg = Release|ARM
		{E86A4A98-29C0-4DCC-B545-7AE5CD9CCA81}.Release|ARM.Build.0 = Release|ARM
		{E86A4A98-29C0-4DCC-B545-7AE5CD9CCA81}.Release|ARM.Deploy.0 = Release|ARM
		{E86A4A98-29C0-4DCC-B545-7AE5CD9CCA81}.Release|x64.ActiveCfg = Release|x64
		{E86A4A98-29C0-4DCC-B545-7AE5CD9CCA81}.Release|x64.Build.0 = Release|x64
		{E86A4A98-29C0-4DCC-B545-7AE5CD9CCA81}.Release|x64.Deploy.0 = Release|x64
		{E86A4A98-29C0-4DCC-B545-7AE5CD9CCA81}.Release|x86.ActiveCfg = Release|x86
		{E86A4A98-29C0-4DCC-B545-7AE5CD9CCA81}.Release|x86.Build.0 = Release|x86
		{E86A4A98-29C0-4DCC-B545-7AE5CD9CCA81}.Release|x86.Deploy.0 = Release|x86
		{15826413-7BC5-42EB-88B6-5FA19E5D8B70}.Debug|Any CPU.ActiveCfg = Debug|Any CPU
		{15826413-7BC5-42EB-88B6-5FA19E5D8B70}.Debug|Any CPU.Build.0 = Debug|Any CPU
		{15826413-7BC5-42EB-88B6-5FA19E5D8B70}.Debug|ARM.ActiveCfg = Debug|Any CPU
		{15826413-7BC5-42EB-88B6-5FA19E5D8B70}.Debug|x64.ActiveCfg = Debug|Any CPU
		{15826413-7BC5-42EB-88B6-5FA19E5D8B70}.Debug|x86.ActiveCfg = Debug|Any CPU
		{15826413-7BC5-42EB-88B6-5FA19E5D8B70}.Release|Any CPU.ActiveCfg = Release|Any CPU
		{15826413-7BC5-42EB-88B6-5FA19E5D8B70}.Release|Any CPU.Build.0 = Release|Any CPU
		{15826413-7BC5-42EB-88B6-5FA19E5D8B70}.Release|ARM.ActiveCfg = Release|Any CPU
		{15826413-7BC5-42EB-88B6-5FA19E5D8B70}.Release|x64.ActiveCfg = Release|Any CPU
		{15826413-7BC5-42EB-88B6-5FA19E5D8B70}.Release|x86.ActiveCfg = Release|Any CPU
		{CE20151A-5E8A-43DA-B892-55BA029BED3D}.Debug|Any CPU.ActiveCfg = Debug|Any CPU
		{CE20151A-5E8A-43DA-B892-55BA029BED3D}.Debug|Any CPU.Build.0 = Debug|Any CPU
		{CE20151A-5E8A-43DA-B892-55BA029BED3D}.Debug|ARM.ActiveCfg = Debug|Any CPU
		{CE20151A-5E8A-43DA-B892-55BA029BED3D}.Debug|x64.ActiveCfg = Debug|Any CPU
		{CE20151A-5E8A-43DA-B892-55BA029BED3D}.Debug|x86.ActiveCfg = Debug|Any CPU
		{CE20151A-5E8A-43DA-B892-55BA029BED3D}.Release|Any CPU.ActiveCfg = Release|Any CPU
		{CE20151A-5E8A-43DA-B892-55BA029BED3D}.Release|Any CPU.Build.0 = Release|Any CPU
		{CE20151A-5E8A-43DA-B892-55BA029BED3D}.Release|ARM.ActiveCfg = Release|Any CPU
		{CE20151A-5E8A-43DA-B892-55BA029BED3D}.Release|x64.ActiveCfg = Release|Any CPU
		{CE20151A-5E8A-43DA-B892-55BA029BED3D}.Release|x86.ActiveCfg = Release|Any CPU
		{8ECF7493-CC0F-4153-B3C5-7978E9F3B318}.Debug|Any CPU.ActiveCfg = Debug|Any CPU
		{8ECF7493-CC0F-4153-B3C5-7978E9F3B318}.Debug|Any CPU.Build.0 = Debug|Any CPU
		{8ECF7493-CC0F-4153-B3C5-7978E9F3B318}.Debug|Any CPU.Deploy.0 = Debug|Any CPU
		{8ECF7493-CC0F-4153-B3C5-7978E9F3B318}.Debug|ARM.ActiveCfg = Debug|ARM
		{8ECF7493-CC0F-4153-B3C5-7978E9F3B318}.Debug|ARM.Build.0 = Debug|ARM
		{8ECF7493-CC0F-4153-B3C5-7978E9F3B318}.Debug|ARM.Deploy.0 = Debug|ARM
		{8ECF7493-CC0F-4153-B3C5-7978E9F3B318}.Debug|x64.ActiveCfg = Debug|x64
		{8ECF7493-CC0F-4153-B3C5-7978E9F3B318}.Debug|x64.Build.0 = Debug|x64
		{8ECF7493-CC0F-4153-B3C5-7978E9F3B318}.Debug|x64.Deploy.0 = Debug|x64
		{8ECF7493-CC0F-4153-B3C5-7978E9F3B318}.Debug|x86.ActiveCfg = Debug|x86
		{8ECF7493-CC0F-4153-B3C5-7978E9F3B318}.Debug|x86.Build.0 = Debug|x86
		{8ECF7493-CC0F-4153-B3C5-7978E9F3B318}.Debug|x86.Deploy.0 = Debug|x86
		{8ECF7493-CC0F-4153-B3C5-7978E9F3B318}.Release|Any CPU.ActiveCfg = Release|Any CPU
		{8ECF7493-CC0F-4153-B3C5-7978E9F3B318}.Release|Any CPU.Build.0 = Release|Any CPU
		{8ECF7493-CC0F-4153-B3C5-7978E9F3B318}.Release|Any CPU.Deploy.0 = Release|Any CPU
		{8ECF7493-CC0F-4153-B3C5-7978E9F3B318}.Release|ARM.ActiveCfg = Release|ARM
		{8ECF7493-CC0F-4153-B3C5-7978E9F3B318}.Release|ARM.Build.0 = Release|ARM
		{8ECF7493-CC0F-4153-B3C5-7978E9F3B318}.Release|ARM.Deploy.0 = Release|ARM
		{8ECF7493-CC0F-4153-B3C5-7978E9F3B318}.Release|x64.ActiveCfg = Release|x64
		{8ECF7493-CC0F-4153-B3C5-7978E9F3B318}.Release|x64.Build.0 = Release|x64
		{8ECF7493-CC0F-4153-B3C5-7978E9F3B318}.Release|x64.Deploy.0 = Release|x64
		{8ECF7493-CC0F-4153-B3C5-7978E9F3B318}.Release|x86.ActiveCfg = Release|x86
		{8ECF7493-CC0F-4153-B3C5-7978E9F3B318}.Release|x86.Build.0 = Release|x86
		{8ECF7493-CC0F-4153-B3C5-7978E9F3B318}.Release|x86.Deploy.0 = Release|x86
		{1F8F407D-078A-4C45-922E-70F2C6B1FE4D}.Debug|Any CPU.ActiveCfg = Debug|Any CPU
		{1F8F407D-078A-4C45-922E-70F2C6B1FE4D}.Debug|Any CPU.Build.0 = Debug|Any CPU
		{1F8F407D-078A-4C45-922E-70F2C6B1FE4D}.Debug|ARM.ActiveCfg = Debug|ARM
		{1F8F407D-078A-4C45-922E-70F2C6B1FE4D}.Debug|ARM.Build.0 = Debug|ARM
		{1F8F407D-078A-4C45-922E-70F2C6B1FE4D}.Debug|x64.ActiveCfg = Debug|x64
		{1F8F407D-078A-4C45-922E-70F2C6B1FE4D}.Debug|x64.Build.0 = Debug|x64
		{1F8F407D-078A-4C45-922E-70F2C6B1FE4D}.Debug|x86.ActiveCfg = Debug|x86
		{1F8F407D-078A-4C45-922E-70F2C6B1FE4D}.Debug|x86.Build.0 = Debug|x86
		{1F8F407D-078A-4C45-922E-70F2C6B1FE4D}.Release|Any CPU.ActiveCfg = Release|Any CPU
		{1F8F407D-078A-4C45-922E-70F2C6B1FE4D}.Release|Any CPU.Build.0 = Release|Any CPU
		{1F8F407D-078A-4C45-922E-70F2C6B1FE4D}.Release|ARM.ActiveCfg = Release|ARM
		{1F8F407D-078A-4C45-922E-70F2C6B1FE4D}.Release|ARM.Build.0 = Release|ARM
		{1F8F407D-078A-4C45-922E-70F2C6B1FE4D}.Release|x64.ActiveCfg = Release|x64
		{1F8F407D-078A-4C45-922E-70F2C6B1FE4D}.Release|x64.Build.0 = Release|x64
		{1F8F407D-078A-4C45-922E-70F2C6B1FE4D}.Release|x86.ActiveCfg = Release|x86
		{1F8F407D-078A-4C45-922E-70F2C6B1FE4D}.Release|x86.Build.0 = Release|x86
	EndGlobalSection
	GlobalSection(SolutionProperties) = preSolution
		HideSolutionNode = FALSE
	EndGlobalSection
EndGlobal
