
Microsoft Visual Studio Solution File, Format Version 12.00
# Visual Studio 14
VisualStudioVersion = 14.0.23107.0
MinimumVisualStudioVersion = 10.0.40219.1
Project("{FAE04EC0-301F-11D3-BF4B-00C04F79EFBC}") = "Test", "Test\Test.csproj", "{F66431A1-96EA-42F0-837A-ACBE12154568}"
EndProject
Project("{FAE04EC0-301F-11D3-BF4B-00C04F79EFBC}") = "AssLoader", "AssLoader\AssLoader.csproj", "{4E3F3026-100A-4349-A67D-E41F3EE1EFED}"
EndProject
Project("{FAE04EC0-301F-11D3-BF4B-00C04F79EFBC}") = "PerformanceAnalyzeHelper", "PerformanceAnalyzeHelper\PerformanceAnalyzeHelper.csproj", "{CE20151A-5E8A-43DA-B892-55BA029BED3D}"
EndProject
Project("{FAE04EC0-301F-11D3-BF4B-00C04F79EFBC}") = "AssLoaderExtensionUniversal", "AssLoaderExtensionUniversal\AssLoaderExtensionUniversal.csproj", "{B9E78BAD-E3AA-4BF7-9CCC-E73AC7E3F767}"
EndProject
Project("{FAE04EC0-301F-11D3-BF4B-00C04F79EFBC}") = "ExtensionUniversalTest", "ExtensionUniversalTest\ExtensionUniversalTest.csproj", "{232C30EF-5757-4E35-86E7-DFE6002B8195}"
EndProject
Global
	GlobalSection(SolutionConfigurationPlatforms) = preSolution
		Debug|Any CPU = Debug|Any CPU
		Debug|ARM = Debug|ARM
		Debug|x64 = Debug|x64
		Debug|x86 = Debug|x86
		Release|Any CPU = Release|Any CPU
		Release|ARM = Release|ARM
		Release|x64 = Release|x64
		Release|x86 = Release|x86
	EndGlobalSection
	GlobalSection(ProjectConfigurationPlatforms) = postSolution
		{F66431A1-96EA-42F0-837A-ACBE12154568}.Debug|Any CPU.ActiveCfg = Debug|Any CPU
		{F66431A1-96EA-42F0-837A-ACBE12154568}.Debug|Any CPU.Build.0 = Debug|Any CPU
		{F66431A1-96EA-42F0-837A-ACBE12154568}.Debug|ARM.ActiveCfg = Debug|Any CPU
		{F66431A1-96EA-42F0-837A-ACBE12154568}.Debug|ARM.Build.0 = Debug|Any CPU
		{F66431A1-96EA-42F0-837A-ACBE12154568}.Debug|x64.ActiveCfg = Debug|Any CPU
		{F66431A1-96EA-42F0-837A-ACBE12154568}.Debug|x64.Build.0 = Debug|Any CPU
		{F66431A1-96EA-42F0-837A-ACBE12154568}.Debug|x86.ActiveCfg = Debug|Any CPU
		{F66431A1-96EA-42F0-837A-ACBE12154568}.Debug|x86.Build.0 = Debug|Any CPU
		{F66431A1-96EA-42F0-837A-ACBE12154568}.Release|Any CPU.ActiveCfg = Release|Any CPU
		{F66431A1-96EA-42F0-837A-ACBE12154568}.Release|Any CPU.Build.0 = Release|Any CPU
		{F66431A1-96EA-42F0-837A-ACBE12154568}.Release|ARM.ActiveCfg = Release|Any CPU
		{F66431A1-96EA-42F0-837A-ACBE12154568}.Release|ARM.Build.0 = Release|Any CPU
		{F66431A1-96EA-42F0-837A-ACBE12154568}.Release|x64.ActiveCfg = Release|Any CPU
		{F66431A1-96EA-42F0-837A-ACBE12154568}.Release|x64.Build.0 = Release|Any CPU
		{F66431A1-96EA-42F0-837A-ACBE12154568}.Release|x86.ActiveCfg = Release|Any CPU
		{F66431A1-96EA-42F0-837A-ACBE12154568}.Release|x86.Build.0 = Release|Any CPU
		{4E3F3026-100A-4349-A67D-E41F3EE1EFED}.Debug|Any CPU.ActiveCfg = Debug|Any CPU
		{4E3F3026-100A-4349-A67D-E41F3EE1EFED}.Debug|Any CPU.Build.0 = Debug|Any CPU
		{4E3F3026-100A-4349-A67D-E41F3EE1EFED}.Debug|ARM.ActiveCfg = Debug|ARM
		{4E3F3026-100A-4349-A67D-E41F3EE1EFED}.Debug|ARM.Build.0 = Debug|ARM
		{4E3F3026-100A-4349-A67D-E41F3EE1EFED}.Debug|x64.ActiveCfg = Debug|x64
		{4E3F3026-100A-4349-A67D-E41F3EE1EFED}.Debug|x64.Build.0 = Debug|x64
		{4E3F3026-100A-4349-A67D-E41F3EE1EFED}.Debug|x86.ActiveCfg = Debug|x86
		{4E3F3026-100A-4349-A67D-E41F3EE1EFED}.Debug|x86.Build.0 = Debug|x86
		{4E3F3026-100A-4349-A67D-E41F3EE1EFED}.Release|Any CPU.ActiveCfg = Release|Any CPU
		{4E3F3026-100A-4349-A67D-E41F3EE1EFED}.Release|Any CPU.Build.0 = Release|Any CPU
		{4E3F3026-100A-4349-A67D-E41F3EE1EFED}.Release|ARM.ActiveCfg = Release|ARM
		{4E3F3026-100A-4349-A67D-E41F3EE1EFED}.Release|ARM.Build.0 = Release|ARM
		{4E3F3026-100A-4349-A67D-E41F3EE1EFED}.Release|x64.ActiveCfg = Release|x64
		{4E3F3026-100A-4349-A67D-E41F3EE1EFED}.Release|x64.Build.0 = Release|x64
		{4E3F3026-100A-4349-A67D-E41F3EE1EFED}.Release|x86.ActiveCfg = Release|x86
		{4E3F3026-100A-4349-A67D-E41F3EE1EFED}.Release|x86.Build.0 = Release|x86
		{CE20151A-5E8A-43DA-B892-55BA029BED3D}.Debug|Any CPU.ActiveCfg = Debug|Any CPU
		{CE20151A-5E8A-43DA-B892-55BA029BED3D}.Debug|Any CPU.Build.0 = Debug|Any CPU
		{CE20151A-5E8A-43DA-B892-55BA029BED3D}.Debug|ARM.ActiveCfg = Debug|Any CPU
		{CE20151A-5E8A-43DA-B892-55BA029BED3D}.Debug|ARM.Build.0 = Debug|Any CPU
		{CE20151A-5E8A-43DA-B892-55BA029BED3D}.Debug|x64.ActiveCfg = Debug|Any CPU
		{CE20151A-5E8A-43DA-B892-55BA029BED3D}.Debug|x64.Build.0 = Debug|Any CPU
		{CE20151A-5E8A-43DA-B892-55BA029BED3D}.Debug|x86.ActiveCfg = Debug|Any CPU
		{CE20151A-5E8A-43DA-B892-55BA029BED3D}.Debug|x86.Build.0 = Debug|Any CPU
		{CE20151A-5E8A-43DA-B892-55BA029BED3D}.Release|Any CPU.ActiveCfg = Release|Any CPU
		{CE20151A-5E8A-43DA-B892-55BA029BED3D}.Release|Any CPU.Build.0 = Release|Any CPU
		{CE20151A-5E8A-43DA-B892-55BA029BED3D}.Release|ARM.ActiveCfg = Release|Any CPU
		{CE20151A-5E8A-43DA-B892-55BA029BED3D}.Release|ARM.Build.0 = Release|Any CPU
		{CE20151A-5E8A-43DA-B892-55BA029BED3D}.Release|x64.ActiveCfg = Release|Any CPU
		{CE20151A-5E8A-43DA-B892-55BA029BED3D}.Release|x64.Build.0 = Release|Any CPU
		{CE20151A-5E8A-43DA-B892-55BA029BED3D}.Release|x86.ActiveCfg = Release|Any CPU
		{CE20151A-5E8A-43DA-B892-55BA029BED3D}.Release|x86.Build.0 = Release|Any CPU
		{B9E78BAD-E3AA-4BF7-9CCC-E73AC7E3F767}.Debug|Any CPU.ActiveCfg = Debug|Any CPU
		{B9E78BAD-E3AA-4BF7-9CCC-E73AC7E3F767}.Debug|Any CPU.Build.0 = Debug|Any CPU
		{B9E78BAD-E3AA-4BF7-9CCC-E73AC7E3F767}.Debug|ARM.ActiveCfg = Debug|ARM
		{B9E78BAD-E3AA-4BF7-9CCC-E73AC7E3F767}.Debug|ARM.Build.0 = Debug|ARM
		{B9E78BAD-E3AA-4BF7-9CCC-E73AC7E3F767}.Debug|x64.ActiveCfg = Debug|x64
		{B9E78BAD-E3AA-4BF7-9CCC-E73AC7E3F767}.Debug|x64.Build.0 = Debug|x64
		{B9E78BAD-E3AA-4BF7-9CCC-E73AC7E3F767}.Debug|x86.ActiveCfg = Debug|x86
		{B9E78BAD-E3AA-4BF7-9CCC-E73AC7E3F767}.Debug|x86.Build.0 = Debug|x86
		{B9E78BAD-E3AA-4BF7-9CCC-E73AC7E3F767}.Release|Any CPU.ActiveCfg = Release|Any CPU
		{B9E78BAD-E3AA-4BF7-9CCC-E73AC7E3F767}.Release|Any CPU.Build.0 = Release|Any CPU
		{B9E78BAD-E3AA-4BF7-9CCC-E73AC7E3F767}.Release|ARM.ActiveCfg = Release|ARM
		{B9E78BAD-E3AA-4BF7-9CCC-E73AC7E3F767}.Release|ARM.Build.0 = Release|ARM
		{B9E78BAD-E3AA-4BF7-9CCC-E73AC7E3F767}.Release|x64.ActiveCfg = Release|x64
		{B9E78BAD-E3AA-4BF7-9CCC-E73AC7E3F767}.Release|x64.Build.0 = Release|x64
		{B9E78BAD-E3AA-4BF7-9CCC-E73AC7E3F767}.Release|x86.ActiveCfg = Release|x86
		{B9E78BAD-E3AA-4BF7-9CCC-E73AC7E3F767}.Release|x86.Build.0 = Release|x86
		{232C30EF-5757-4E35-86E7-DFE6002B8195}.Debug|Any CPU.ActiveCfg = Debug|x86
		{232C30EF-5757-4E35-86E7-DFE6002B8195}.Debug|Any CPU.Build.0 = Debug|x86
		{232C30EF-5757-4E35-86E7-DFE6002B8195}.Debug|ARM.ActiveCfg = Debug|ARM
		{232C30EF-5757-4E35-86E7-DFE6002B8195}.Debug|ARM.Build.0 = Debug|ARM
		{232C30EF-5757-4E35-86E7-DFE6002B8195}.Debug|x64.ActiveCfg = Debug|x64
		{232C30EF-5757-4E35-86E7-DFE6002B8195}.Debug|x64.Build.0 = Debug|x64
		{232C30EF-5757-4E35-86E7-DFE6002B8195}.Debug|x86.ActiveCfg = Debug|x86
		{232C30EF-5757-4E35-86E7-DFE6002B8195}.Debug|x86.Build.0 = Debug|x86
		{232C30EF-5757-4E35-86E7-DFE6002B8195}.Release|Any CPU.ActiveCfg = Release|x86
		{232C30EF-5757-4E35-86E7-DFE6002B8195}.Release|Any CPU.Build.0 = Release|x86
		{232C30EF-5757-4E35-86E7-DFE6002B8195}.Release|ARM.ActiveCfg = Release|ARM
		{232C30EF-5757-4E35-86E7-DFE6002B8195}.Release|ARM.Build.0 = Release|ARM
		{232C30EF-5757-4E35-86E7-DFE6002B8195}.Release|x64.ActiveCfg = Release|x64
		{232C30EF-5757-4E35-86E7-DFE6002B8195}.Release|x64.Build.0 = Release|x64
		{232C30EF-5757-4E35-86E7-DFE6002B8195}.Release|x86.ActiveCfg = Release|x86
		{232C30EF-5757-4E35-86E7-DFE6002B8195}.Release|x86.Build.0 = Release|x86
	EndGlobalSection
	GlobalSection(SolutionProperties) = preSolution
		HideSolutionNode = FALSE
	EndGlobalSection
	GlobalSection(TeamFoundationVersionControl) = preSolution
		SccNumberOfProjects = 6
		SccEnterpriseProvider = {4CA58AB2-18FA-4F8D-95D4-32DDF27D184C}
		SccTeamFoundationServer = https://tfs.codeplex.com/tfs/tfs40
		SccLocalPath0 = .
		SccProjectUniqueName1 = AssLoader\\AssLoader.csproj
		SccProjectName1 = AssLoader
		SccLocalPath1 = AssLoader
		SccProjectUniqueName2 = PerformanceAnalyzeHelper\\PerformanceAnalyzeHelper.csproj
		SccProjectName2 = PerformanceAnalyzeHelper
		SccLocalPath2 = PerformanceAnalyzeHelper
		SccProjectUniqueName3 = Test\\Test.csproj
		SccProjectName3 = Test
		SccLocalPath3 = Test
		SccProjectUniqueName4 = AssLoaderExtensionUniversal\\AssLoaderExtensionUniversal.csproj
		SccProjectName4 = AssLoaderExtensionUniversal
		SccLocalPath4 = AssLoaderExtensionUniversal
		SccProjectUniqueName5 = ExtensionUniversalTest\\ExtensionUniversalTest.csproj
		SccProjectName5 = ExtensionUniversalTest
		SccLocalPath5 = ExtensionUniversalTest
	EndGlobalSection
EndGlobal
