
Microsoft Visual Studio Solution File, Format Version 12.00
# Visual Studio 15
VisualStudioVersion = 15.0.28010.2019
MinimumVisualStudioVersion = 10.0.40219.1
Project("{9A19103F-16F7-4668-BE54-9A1E7A4F7556}") = "Opportunity.AssLoader", "Opportunity.AssLoader\Opportunity.AssLoader.csproj", "{06D590DE-E62A-439E-B583-1D6EC5DCA9C1}"
EndProject
Project("{9A19103F-16F7-4668-BE54-9A1E7A4F7556}") = "Opportunity.AssLoader.Test", "Opportunity.AssLoader.Test\Opportunity.AssLoader.Test.csproj", "{46874D07-81ED-4671-B990-79EFC21E795E}"
EndProject
Project("{FAE04EC0-301F-11D3-BF4B-00C04F79EFBC}") = "Opportunity.AssLoader.Universal", "Opportunity.AssLoader.Universal\Opportunity.AssLoader.Universal.csproj", "{B9E78BAD-E3AA-4BF7-9CCC-E73AC7E3F767}"
EndProject
Project("{FAE04EC0-301F-11D3-BF4B-00C04F79EFBC}") = "Opportunity.AssLoader.Universal.Test", "Opportunity.AssLoader.Universal.Test\Opportunity.AssLoader.Universal.Test.csproj", "{232C30EF-5757-4E35-86E7-DFE6002B8195}"
EndProject
Project("{9A19103F-16F7-4668-BE54-9A1E7A4F7556}") = "PerformanceAnalyzeHelper", "PerformanceAnalyzeHelper\PerformanceAnalyzeHelper.csproj", "{39429693-B301-4BD7-ABC8-BA8E3554328F}"
EndProject
Global
	GlobalSection(SolutionConfigurationPlatforms) = preSolution
		Debug|Any CPU = Debug|Any CPU
		Debug|ARM = Debug|ARM
		Debug|x64 = Debug|x64
		Debug|x86 = Debug|x86
		Release|Any CPU = Release|Any CPU
		Release|ARM = Release|ARM
		Release|x64 = Release|x64
		Release|x86 = Release|x86
	EndGlobalSection
	GlobalSection(ProjectConfigurationPlatforms) = postSolution
		{06D590DE-E62A-439E-B583-1D6EC5DCA9C1}.Debug|Any CPU.ActiveCfg = Debug|Any CPU
		{06D590DE-E62A-439E-B583-1D6EC5DCA9C1}.Debug|Any CPU.Build.0 = Debug|Any CPU
		{06D590DE-E62A-439E-B583-1D6EC5DCA9C1}.Debug|ARM.ActiveCfg = Debug|Any CPU
		{06D590DE-E62A-439E-B583-1D6EC5DCA9C1}.Debug|ARM.Build.0 = Debug|Any CPU
		{06D590DE-E62A-439E-B583-1D6EC5DCA9C1}.Debug|x64.ActiveCfg = Debug|Any CPU
		{06D590DE-E62A-439E-B583-1D6EC5DCA9C1}.Debug|x64.Build.0 = Debug|Any CPU
		{06D590DE-E62A-439E-B583-1D6EC5DCA9C1}.Debug|x86.ActiveCfg = Debug|Any CPU
		{06D590DE-E62A-439E-B583-1D6EC5DCA9C1}.Debug|x86.Build.0 = Debug|Any CPU
		{06D590DE-E62A-439E-B583-1D6EC5DCA9C1}.Release|Any CPU.ActiveCfg = Release|Any CPU
		{06D590DE-E62A-439E-B583-1D6EC5DCA9C1}.Release|Any CPU.Build.0 = Release|Any CPU
		{06D590DE-E62A-439E-B583-1D6EC5DCA9C1}.Release|ARM.ActiveCfg = Release|Any CPU
		{06D590DE-E62A-439E-B583-1D6EC5DCA9C1}.Release|ARM.Build.0 = Release|Any CPU
		{06D590DE-E62A-439E-B583-1D6EC5DCA9C1}.Release|x64.ActiveCfg = Release|Any CPU
		{06D590DE-E62A-439E-B583-1D6EC5DCA9C1}.Release|x64.Build.0 = Release|Any CPU
		{06D590DE-E62A-439E-B583-1D6EC5DCA9C1}.Release|x86.ActiveCfg = Release|Any CPU
		{06D590DE-E62A-439E-B583-1D6EC5DCA9C1}.Release|x86.Build.0 = Release|Any CPU
		{46874D07-81ED-4671-B990-79EFC21E795E}.Debug|Any CPU.ActiveCfg = Debug|Any CPU
		{46874D07-81ED-4671-B990-79EFC21E795E}.Debug|Any CPU.Build.0 = Debug|Any CPU
		{46874D07-81ED-4671-B990-79EFC21E795E}.Debug|ARM.ActiveCfg = Debug|Any CPU
		{46874D07-81ED-4671-B990-79EFC21E795E}.Debug|ARM.Build.0 = Debug|Any CPU
		{46874D07-81ED-4671-B990-79EFC21E795E}.Debug|x64.ActiveCfg = Debug|Any CPU
		{46874D07-81ED-4671-B990-79EFC21E795E}.Debug|x64.Build.0 = Debug|Any CPU
		{46874D07-81ED-4671-B990-79EFC21E795E}.Debug|x86.ActiveCfg = Debug|Any CPU
		{46874D07-81ED-4671-B990-79EFC21E795E}.Debug|x86.Build.0 = Debug|Any CPU
		{46874D07-81ED-4671-B990-79EFC21E795E}.Release|Any CPU.ActiveCfg = Release|Any CPU
		{46874D07-81ED-4671-B990-79EFC21E795E}.Release|Any CPU.Build.0 = Release|Any CPU
		{46874D07-81ED-4671-B990-79EFC21E795E}.Release|ARM.ActiveCfg = Release|Any CPU
		{46874D07-81ED-4671-B990-79EFC21E795E}.Release|ARM.Build.0 = Release|Any CPU
		{46874D07-81ED-4671-B990-79EFC21E795E}.Release|x64.ActiveCfg = Release|Any CPU
		{46874D07-81ED-4671-B990-79EFC21E795E}.Release|x64.Build.0 = Release|Any CPU
		{46874D07-81ED-4671-B990-79EFC21E795E}.Release|x86.ActiveCfg = Release|Any CPU
		{46874D07-81ED-4671-B990-79EFC21E795E}.Release|x86.Build.0 = Release|Any CPU
		{B9E78BAD-E3AA-4BF7-9CCC-E73AC7E3F767}.Debug|Any CPU.ActiveCfg = Debug|Any CPU
		{B9E78BAD-E3AA-4BF7-9CCC-E73AC7E3F767}.Debug|Any CPU.Build.0 = Debug|Any CPU
		{B9E78BAD-E3AA-4BF7-9CCC-E73AC7E3F767}.Debug|ARM.ActiveCfg = Debug|ARM
		{B9E78BAD-E3AA-4BF7-9CCC-E73AC7E3F767}.Debug|ARM.Build.0 = Debug|ARM
		{B9E78BAD-E3AA-4BF7-9CCC-E73AC7E3F767}.Debug|x64.ActiveCfg = Debug|x64
		{B9E78BAD-E3AA-4BF7-9CCC-E73AC7E3F767}.Debug|x64.Build.0 = Debug|x64
		{B9E78BAD-E3AA-4BF7-9CCC-E73AC7E3F767}.Debug|x86.ActiveCfg = Debug|x86
		{B9E78BAD-E3AA-4BF7-9CCC-E73AC7E3F767}.Debug|x86.Build.0 = Debug|x86
		{B9E78BAD-E3AA-4BF7-9CCC-E73AC7E3F767}.Release|Any CPU.ActiveCfg = Release|Any CPU
		{B9E78BAD-E3AA-4BF7-9CCC-E73AC7E3F767}.Release|Any CPU.Build.0 = Release|Any CPU
		{B9E78BAD-E3AA-4BF7-9CCC-E73AC7E3F767}.Release|ARM.ActiveCfg = Release|ARM
		{B9E78BAD-E3AA-4BF7-9CCC-E73AC7E3F767}.Release|ARM.Build.0 = Release|ARM
		{B9E78BAD-E3AA-4BF7-9CCC-E73AC7E3F767}.Release|x64.ActiveCfg = Release|x64
		{B9E78BAD-E3AA-4BF7-9CCC-E73AC7E3F767}.Release|x64.Build.0 = Release|x64
		{B9E78BAD-E3AA-4BF7-9CCC-E73AC7E3F767}.Release|x86.ActiveCfg = Release|x86
		{B9E78BAD-E3AA-4BF7-9CCC-E73AC7E3F767}.Release|x86.Build.0 = Release|x86
		{232C30EF-5757-4E35-86E7-DFE6002B8195}.Debug|Any CPU.ActiveCfg = Debug|x64
		{232C30EF-5757-4E35-86E7-DFE6002B8195}.Debug|Any CPU.Build.0 = Debug|x64
		{232C30EF-5757-4E35-86E7-DFE6002B8195}.Debug|Any CPU.Deploy.0 = Debug|x64
		{232C30EF-5757-4E35-86E7-DFE6002B8195}.Debug|ARM.ActiveCfg = Debug|ARM
		{232C30EF-5757-4E35-86E7-DFE6002B8195}.Debug|ARM.Build.0 = Debug|ARM
		{232C30EF-5757-4E35-86E7-DFE6002B8195}.Debug|ARM.Deploy.0 = Debug|ARM
		{232C30EF-5757-4E35-86E7-DFE6002B8195}.Debug|x64.ActiveCfg = Debug|x64
		{232C30EF-5757-4E35-86E7-DFE6002B8195}.Debug|x64.Build.0 = Debug|x64
		{232C30EF-5757-4E35-86E7-DFE6002B8195}.Debug|x64.Deploy.0 = Debug|x64
		{232C30EF-5757-4E35-86E7-DFE6002B8195}.Debug|x86.ActiveCfg = Debug|x86
		{232C30EF-5757-4E35-86E7-DFE6002B8195}.Debug|x86.Build.0 = Debug|x86
		{232C30EF-5757-4E35-86E7-DFE6002B8195}.Debug|x86.Deploy.0 = Debug|x86
		{232C30EF-5757-4E35-86E7-DFE6002B8195}.Release|Any CPU.ActiveCfg = Release|x64
		{232C30EF-5757-4E35-86E7-DFE6002B8195}.Release|Any CPU.Build.0 = Release|x64
		{232C30EF-5757-4E35-86E7-DFE6002B8195}.Release|Any CPU.Deploy.0 = Release|x64
		{232C30EF-5757-4E35-86E7-DFE6002B8195}.Release|ARM.ActiveCfg = Release|ARM
		{232C30EF-5757-4E35-86E7-DFE6002B8195}.Release|ARM.Build.0 = Release|ARM
		{232C30EF-5757-4E35-86E7-DFE6002B8195}.Release|ARM.Deploy.0 = Release|ARM
		{232C30EF-5757-4E35-86E7-DFE6002B8195}.Release|x64.ActiveCfg = Release|x64
		{232C30EF-5757-4E35-86E7-DFE6002B8195}.Release|x64.Build.0 = Release|x64
		{232C30EF-5757-4E35-86E7-DFE6002B8195}.Release|x64.Deploy.0 = Release|x64
		{232C30EF-5757-4E35-86E7-DFE6002B8195}.Release|x86.ActiveCfg = Release|x86
		{232C30EF-5757-4E35-86E7-DFE6002B8195}.Release|x86.Build.0 = Release|x86
		{232C30EF-5757-4E35-86E7-DFE6002B8195}.Release|x86.Deploy.0 = Release|x86
		{39429693-B301-4BD7-ABC8-BA8E3554328F}.Debug|Any CPU.ActiveCfg = Debug|Any CPU
		{39429693-B301-4BD7-ABC8-BA8E3554328F}.Debug|Any CPU.Build.0 = Debug|Any CPU
		{39429693-B301-4BD7-ABC8-BA8E3554328F}.Debug|ARM.ActiveCfg = Debug|Any CPU
		{39429693-B301-4BD7-ABC8-BA8E3554328F}.Debug|ARM.Build.0 = Debug|Any CPU
		{39429693-B301-4BD7-ABC8-BA8E3554328F}.Debug|x64.ActiveCfg = Debug|Any CPU
		{39429693-B301-4BD7-ABC8-BA8E3554328F}.Debug|x64.Build.0 = Debug|Any CPU
		{39429693-B301-4BD7-ABC8-BA8E3554328F}.Debug|x86.ActiveCfg = Debug|Any CPU
		{39429693-B301-4BD7-ABC8-BA8E3554328F}.Debug|x86.Build.0 = Debug|Any CPU
		{39429693-B301-4BD7-ABC8-BA8E3554328F}.Release|Any CPU.ActiveCfg = Release|Any CPU
		{39429693-B301-4BD7-ABC8-BA8E3554328F}.Release|Any CPU.Build.0 = Release|Any CPU
		{39429693-B301-4BD7-ABC8-BA8E3554328F}.Release|ARM.ActiveCfg = Release|Any CPU
		{39429693-B301-4BD7-ABC8-BA8E3554328F}.Release|ARM.Build.0 = Release|Any CPU
		{39429693-B301-4BD7-ABC8-BA8E3554328F}.Release|x64.ActiveCfg = Release|Any CPU
		{39429693-B301-4BD7-ABC8-BA8E3554328F}.Release|x64.Build.0 = Release|Any CPU
		{39429693-B301-4BD7-ABC8-BA8E3554328F}.Release|x86.ActiveCfg = Release|Any CPU
		{39429693-B301-4BD7-ABC8-BA8E3554328F}.Release|x86.Build.0 = Release|Any CPU
	EndGlobalSection
	GlobalSection(SolutionProperties) = preSolution
		HideSolutionNode = FALSE
	EndGlobalSection
	GlobalSection(ExtensibilityGlobals) = postSolution
		SolutionGuid = {98B1BAE0-57FD-4A97-BB5C-B33A322BBC30}
	EndGlobalSection
EndGlobal
